<?xml version="1.0" encoding="utf-8"?>
<Project ToolsVersion="4.0" xmlns="http://schemas.microsoft.com/developer/msbuild/2003">
  <ItemGroup>
    <None Include="packages.config" />
    <None Include="basic.shader">
      <Filter>res\shaders</Filter>
    </None>
  </ItemGroup>
  <ItemGroup>
    <ClCompile Include="IndexBuffer.cpp">
      <Filter>src</Filter>
    </ClCompile>
    <ClCompile Include="main.cpp">
      <Filter>src</Filter>
    </ClCompile>
    <ClCompile Include="monitoring_errors.cpp">
      <Filter>src</Filter>
    </ClCompile>
    <ClCompile Include="VertexBuffer.cpp">
      <Filter>src</Filter>
    </ClCompile>
    <ClCompile Include="VertexArray.cpp">
      <Filter>src</Filter>
    </ClCompile>
  </ItemGroup>
  <ItemGroup>
    <ClInclude Include="IndexBuffer.h">
      <Filter>src</Filter>
    </ClInclude>
    <ClInclude Include="monitoring_errors.h">
      <Filter>src</Filter>
    </ClInclude>
    <ClInclude Include="VertexBuffer.h">
      <Filter>src</Filter>
    </ClInclude>
    <ClInclude Include="VertexBufferLayout.h">
      <Filter>src</Filter>
    </ClInclude>
    <ClInclude Include="VertexArray.h">
      <Filter>src</Filter>
    </ClInclude>
  </ItemGroup>
  <ItemGroup>
    <Filter Include="src">
      <UniqueIdentifier>{0a28529d-27d8-4816-b74f-050011eef6b8}</UniqueIdentifier>
    </Filter>
    <Filter Include="res">
      <UniqueIdentifier>{ba8b6b44-10de-41ea-a62f-c8e6b6d544b4}</UniqueIdentifier>
    </Filter>
    <Filter Include="res\shaders">
      <UniqueIdentifier>{a1a5f96e-018c-4cb4-9484-d3a5366b0b7b}</UniqueIdentifier>
    </Filter>
  </ItemGroup>
</Project>